PODS:
  - Capacitor (5.7.7):
    - CapacitorCordova
  - CapacitorBrowser (5.2.1):
    - Capacitor
  - CapacitorCordova (5.7.7)
  - CapacitorGeolocation (5.0.8):
    - Capacitor
  - CapacitorStatusBar (5.0.8):
    - Capacitor

DEPENDENCIES:
  - "Capacitor (from `../../node_modules/@capacitor/ios`)"
  - "CapacitorBrowser (from `../../node_modules/@capacitor/browser`)"
  - "CapacitorCordova (from `../../node_modules/@capacitor/ios`)"
  - "CapacitorGeolocation (from `../../node_modules/@capacitor/geolocation`)"
  - "CapacitorStatusBar (from `../../node_modules/@capacitor/status-bar`)"

EXTERNAL SOURCES:
  Capacitor:
    :path: "../../node_modules/@capacitor/ios"
  CapacitorBrowser:
    :path: "../../node_modules/@capacitor/browser"
  CapacitorCordova:
    :path: "../../node_modules/@capacitor/ios"
  CapacitorGeolocation:
    :path: "../../node_modules/@capacitor/geolocation"
  CapacitorStatusBar:
    :path: "../../node_modules/@capacitor/status-bar"

SPEC CHECKSUMS:
  Capacitor: 0039e9b67cfde2d5e9111b3ddca8c0097f4cf2f4
  CapacitorBrowser: bac3132be6506411704149f9f2099843ffe470a0
  CapacitorCordova: d906edead798c9bb1b07274f15615878d27507d5
  CapacitorGeolocation: 0572212732f7ee65828d069a9663a274be89b9fc
  CapacitorStatusBar: 51af549cfcf35aac3ab072b062967ae5971ee485

PODFILE CHECKSUM: 8e226a8f0c3fb86d93c8f349dd7875d66aecc7cd

COCOAPODS: 1.15.2
